
Microsoft Visual Studio Solution File, Format Version 12.00
# Visual Studio Version 16
VisualStudioVersion = 16.0.29806.167
MinimumVisualStudioVersion = 10.0.40219.1
Project("{151D2E53-A2C4-4D7D-83FE-D05416EBD58E}") = "Azure_ARM_Templates", "Azure_ARM_Templates\Azure_ARM_Templates.deployproj", "{121AEAF6-0CD5-41B4-B095-9C21C892FF27}"
EndProject
Project("{2150E333-8FDC-42A3-9474-1A3956D46DE8}") = "Azure_Functions", "Azure_Functions", "{A4549DCA-AA08-4344-96AC-25DE4509AD58}"
EndProject
Project("{9A19103F-16F7-4668-BE54-9A1E7A4F7556}") = "Avro_Schemaless_Event_Receiver", "Avro_Schemaless_Event_Receiver\Avro_Schemaless_Event_Receiver.csproj", "{418D0934-A926-45B7-9F26-459B6B9B639B}"
EndProject
Project("{2150E333-8FDC-42A3-9474-1A3956D46DE8}") = "Avro_Schemaless_Event_Receiver.EventSender", "Avro_Schemaless_Event_Receiver.EventSender", "{0E49422F-8BEF-45F9-AF14-CF141A596375}"
EndProject
Project("{FAE04EC0-301F-11D3-BF4B-00C04F79EFBC}") = "EventSender", "Avro_Schemaless_Event_Receiver.EventSender\EventSender\EventSender.csproj", "{6B1CD857-64C4-4416-83AC-A7DA29FADAD7}"
EndProject
Global
	GlobalSection(SolutionConfigurationPlatforms) = preSolution
		Debug|Any CPU = Debug|Any CPU
		Release|Any CPU = Release|Any CPU
	EndGlobalSection
	GlobalSection(ProjectConfigurationPlatforms) = postSolution
		{121AEAF6-0CD5-41B4-B095-9C21C892FF27}.Debug|Any CPU.ActiveCfg = Debug|Any CPU
		{121AEAF6-0CD5-41B4-B095-9C21C892FF27}.Debug|Any CPU.Build.0 = Debug|Any CPU
		{121AEAF6-0CD5-41B4-B095-9C21C892FF27}.Release|Any CPU.ActiveCfg = Release|Any CPU
		{121AEAF6-0CD5-41B4-B095-9C21C892FF27}.Release|Any CPU.Build.0 = Release|Any CPU
		{418D0934-A926-45B7-9F26-459B6B9B639B}.Debug|Any CPU.ActiveCfg = Debug|Any CPU
		{418D0934-A926-45B7-9F26-459B6B9B639B}.Debug|Any CPU.Build.0 = Debug|Any CPU
		{418D0934-A926-45B7-9F26-459B6B9B639B}.Release|Any CPU.ActiveCfg = Release|Any CPU
		{418D0934-A926-45B7-9F26-459B6B9B639B}.Release|Any CPU.Build.0 = Release|Any CPU
		{6B1CD857-64C4-4416-83AC-A7DA29FADAD7}.Debug|Any CPU.ActiveCfg = Debug|Any CPU
		{6B1CD857-64C4-4416-83AC-A7DA29FADAD7}.Debug|Any CPU.Build.0 = Debug|Any CPU
		{6B1CD857-64C4-4416-83AC-A7DA29FADAD7}.Release|Any CPU.ActiveCfg = Release|Any CPU
		{6B1CD857-64C4-4416-83AC-A7DA29FADAD7}.Release|Any CPU.Build.0 = Release|Any CPU
	EndGlobalSection
	GlobalSection(SolutionProperties) = preSolution
		HideSolutionNode = FALSE
	EndGlobalSection
	GlobalSection(NestedProjects) = preSolution
		{418D0934-A926-45B7-9F26-459B6B9B639B} = {A4549DCA-AA08-4344-96AC-25DE4509AD58}
		{0E49422F-8BEF-45F9-AF14-CF141A596375} = {A4549DCA-AA08-4344-96AC-25DE4509AD58}
		{6B1CD857-64C4-4416-83AC-A7DA29FADAD7} = {0E49422F-8BEF-45F9-AF14-CF141A596375}
	EndGlobalSection
	GlobalSection(ExtensibilityGlobals) = postSolution
		SolutionGuid = {EA1E71DA-A3DC-4D9B-9211-9F6484C6DA51}
	EndGlobalSection
EndGlobal
